
Microsoft Visual Studio Solution File, Format Version 12.00
# Visual Studio Version 17
VisualStudioVersion = 17.6.33815.320
MinimumVisualStudioVersion = 10.0.40219.1
Project("{FAE04EC0-301F-11D3-BF4B-00C04F79EFBC}") = "Login Page", "Login Page\Login Page.csproj", "{0CABAFE2-00F3-4103-A460-49776C94537E}"
EndProject
Global
	GlobalSection(SolutionConfigurationPlatforms) = preSolution
		Debug|Any CPU = Debug|Any CPU
		Release|Any CPU = Release|Any CPU
	EndGlobalSection
	GlobalSection(ProjectConfigurationPlatforms) = postSolution
		{0CABAFE2-00F3-4103-A460-49776C94537E}.Debug|Any CPU.ActiveCfg = Debug|Any CPU
		{0CABAFE2-00F3-4103-A460-49776C94537E}.Debug|Any CPU.Build.0 = Debug|Any CPU
		{0CABAFE2-00F3-4103-A460-49776C94537E}.Release|Any CPU.ActiveCfg = Release|Any CPU
		{0CABAFE2-00F3-4103-A460-49776C94537E}.Release|Any CPU.Build.0 = Release|Any CPU
	EndGlobalSection
	GlobalSection(SolutionProperties) = preSolution
		HideSolutionNode = FALSE
	EndGlobalSection
	GlobalSection(ExtensibilityGlobals) = postSolution
		SolutionGuid = {D6CA0BDB-5935-441F-B355-2A5160E9AC26}
	EndGlobalSection
EndGlobal
